
Microsoft Visual Studio Solution File, Format Version 12.00
# Visual Studio Version 17
VisualStudioVersion = 17.2.32516.85
MinimumVisualStudioVersion = 10.0.40219.1
Project("{FAE04EC0-301F-11D3-BF4B-00C04F79EFBC}") = "SwordDamageHermeticCalculator", "SwordDamageHermeticCalculator\SwordDamageHermeticCalculator.csproj", "{DFEA294F-E8F9-4A36-AEB5-0D4FB6D50A76}"
EndProject
Global
	GlobalSection(SolutionConfigurationPlatforms) = preSolution
		Debug|Any CPU = Debug|Any CPU
		Release|Any CPU = Release|Any CPU
	EndGlobalSection
	GlobalSection(ProjectConfigurationPlatforms) = postSolution
		{DFEA294F-E8F9-4A36-AEB5-0D4FB6D50A76}.Debug|Any CPU.ActiveCfg = Debug|Any CPU
		{DFEA294F-E8F9-4A36-AEB5-0D4FB6D50A76}.Debug|Any CPU.Build.0 = Debug|Any CPU
		{DFEA294F-E8F9-4A36-AEB5-0D4FB6D50A76}.Release|Any CPU.ActiveCfg = Release|Any CPU
		{DFEA294F-E8F9-4A36-AEB5-0D4FB6D50A76}.Release|Any CPU.Build.0 = Release|Any CPU
	EndGlobalSection
	GlobalSection(SolutionProperties) = preSolution
		HideSolutionNode = FALSE
	EndGlobalSection
	GlobalSection(ExtensibilityGlobals) = postSolution
		SolutionGuid = {B1390334-C022-4FFF-A7D9-A1847B61D54A}
	EndGlobalSection
EndGlobal
